
Microsoft Visual Studio Solution File, Format Version 12.00
# Visual Studio Version 17
VisualStudioVersion = 17.1.32319.34
MinimumVisualStudioVersion = 10.0.40219.1
Project("{FAE04EC0-301F-11D3-BF4B-00C04F79EFBC}") = "WpfApp3", "WpfApp3\WpfApp3.csproj", "{C41F1E63-1569-4A81-AF58-1420AEEC9112}"
EndProject
Project("{FAE04EC0-301F-11D3-BF4B-00C04F79EFBC}") = "ClassLibrary1", "ClassLibrary1\ClassLibrary1.csproj", "{CBA69A7D-CA2F-4008-BA07-78D577986D91}"
EndProject
Project("{FAE04EC0-301F-11D3-BF4B-00C04F79EFBC}") = "UnitTest1", "UnitTest1\UnitTest1.csproj", "{4E3A5668-D2FD-4F86-BA2D-EE17E56AAFEA}"
EndProject
Global
	GlobalSection(SolutionConfigurationPlatforms) = preSolution
		Debug|Any CPU = Debug|Any CPU
		Release|Any CPU = Release|Any CPU
	EndGlobalSection
	GlobalSection(ProjectConfigurationPlatforms) = postSolution
		{C41F1E63-1569-4A81-AF58-1420AEEC9112}.Debug|Any CPU.ActiveCfg = Debug|Any CPU
		{C41F1E63-1569-4A81-AF58-1420AEEC9112}.Debug|Any CPU.Build.0 = Debug|Any CPU
		{C41F1E63-1569-4A81-AF58-1420AEEC9112}.Release|Any CPU.ActiveCfg = Release|Any CPU
		{C41F1E63-1569-4A81-AF58-1420AEEC9112}.Release|Any CPU.Build.0 = Release|Any CPU
		{CBA69A7D-CA2F-4008-BA07-78D577986D91}.Debug|Any CPU.ActiveCfg = Debug|Any CPU
		{CBA69A7D-CA2F-4008-BA07-78D577986D91}.Debug|Any CPU.Build.0 = Debug|Any CPU
		{CBA69A7D-CA2F-4008-BA07-78D577986D91}.Release|Any CPU.ActiveCfg = Release|Any CPU
		{CBA69A7D-CA2F-4008-BA07-78D577986D91}.Release|Any CPU.Build.0 = Release|Any CPU
		{4E3A5668-D2FD-4F86-BA2D-EE17E56AAFEA}.Debug|Any CPU.ActiveCfg = Debug|Any CPU
		{4E3A5668-D2FD-4F86-BA2D-EE17E56AAFEA}.Debug|Any CPU.Build.0 = Debug|Any CPU
		{4E3A5668-D2FD-4F86-BA2D-EE17E56AAFEA}.Release|Any CPU.ActiveCfg = Release|Any CPU
		{4E3A5668-D2FD-4F86-BA2D-EE17E56AAFEA}.Release|Any CPU.Build.0 = Release|Any CPU
	EndGlobalSection
	GlobalSection(SolutionProperties) = preSolution
		HideSolutionNode = FALSE
	EndGlobalSection
	GlobalSection(ExtensibilityGlobals) = postSolution
		SolutionGuid = {ADFE57FE-2B66-4574-A732-352E805C2121}
	EndGlobalSection
EndGlobal
